<?xml version="1.0" encoding="utf-8"?>
<Project ToolsVersion="4.0" xmlns="http://schemas.microsoft.com/developer/msbuild/2003">
  <ItemGroup>
    <Filter Include="editorUtilitiy">
      <UniqueIdentifier>{89E0B9DF-75AE-ADE5-5E42-1E0C4AAF894A}</UniqueIdentifier>
    </Filter>
    <Filter Include="friendshipEditor">
      <UniqueIdentifier>{58DB6F6F-44D4-8EC1-6D06-7446595E6ECD}</UniqueIdentifier>
    </Filter>
    <Filter Include="friendshipEditor\inspector">
      <UniqueIdentifier>{3E626797-2A72-1368-932B-78867F5A0201}</UniqueIdentifier>
    </Filter>
    <Filter Include="friendshipEditor\windows">
      <UniqueIdentifier>{B2F53613-9E1A-8693-C765-6B23B3E984B1}</UniqueIdentifier>
    </Filter>
    <Filter Include="menuEditor">
      <UniqueIdentifier>{61922E3E-4D4A-708B-B651-49E7A2280B7C}</UniqueIdentifier>
    </Filter>
    <Filter Include="scriptEditor">
      <UniqueIdentifier>{01890063-EDEB-8F07-9671-C8BD82B35B8A}</UniqueIdentifier>
    </Filter>
    <Filter Include="scriptEditor\commands">
      <UniqueIdentifier>{8271B195-EEDD-6C90-B7D1-04EE23FD8EF8}</UniqueIdentifier>
    </Filter>
  </ItemGroup>
  <ItemGroup>
    <ClInclude Include="editor\Editor.h" />
    <ClInclude Include="editor\EditorLauncher.h" />
    <ClInclude Include="editor\editorUtilitiy\EditorUtility.h">
      <Filter>editorUtilitiy</Filter>
    </ClInclude>
    <ClInclude Include="editor\friendshipEditor\EditorManager.h">
      <Filter>friendshipEditor</Filter>
    </ClInclude>
    <ClInclude Include="editor\friendshipEditor\EditorUpdateContext.h">
      <Filter>friendshipEditor</Filter>
    </ClInclude>
    <ClInclude Include="editor\friendshipEditor\WindowUpdateContext.h">
      <Filter>friendshipEditor</Filter>
    </ClInclude>
    <ClInclude Include="editor\friendshipEditor\inspector\Inspector.h">
      <Filter>friendshipEditor\inspector</Filter>
    </ClInclude>
    <ClInclude Include="editor\friendshipEditor\windows\AssetDatabaseWindow.h">
      <Filter>friendshipEditor\windows</Filter>
    </ClInclude>
    <ClInclude Include="editor\friendshipEditor\windows\ConsoleWindow.h">
      <Filter>friendshipEditor\windows</Filter>
    </ClInclude>
    <ClInclude Include="editor\friendshipEditor\windows\DeferredViewWindow.h">
      <Filter>friendshipEditor\windows</Filter>
    </ClInclude>
    <ClInclude Include="editor\friendshipEditor\windows\EditorViewWindow.h">
      <Filter>friendshipEditor\windows</Filter>
    </ClInclude>
    <ClInclude Include="editor\friendshipEditor\windows\GameViewWindow.h">
      <Filter>friendshipEditor\windows</Filter>
    </ClInclude>
    <ClInclude Include="editor\friendshipEditor\windows\InspectorWindow.h">
      <Filter>friendshipEditor\windows</Filter>
    </ClInclude>
    <ClInclude Include="editor\friendshipEditor\windows\SceneHierarchyWindow.h">
      <Filter>friendshipEditor\windows</Filter>
    </ClInclude>
    <ClInclude Include="editor\friendshipEditor\windows\ScriptEditorWindow.h">
      <Filter>friendshipEditor\windows</Filter>
    </ClInclude>
    <ClInclude Include="editor\friendshipEditor\windows\VertexPainterWindow.h">
      <Filter>friendshipEditor\windows</Filter>
    </ClInclude>
    <ClInclude Include="editor\friendshipEditor\windows\Window.h">
      <Filter>friendshipEditor\windows</Filter>
    </ClInclude>
    <ClInclude Include="editor\friendshipEditor\windows\WindowFactory.h">
      <Filter>friendshipEditor\windows</Filter>
    </ClInclude>
    <ClInclude Include="editor\menuEditor\MenuEditor.h">
      <Filter>menuEditor</Filter>
    </ClInclude>
    <ClInclude Include="editor\scriptEditor\ScriptEditor.h">
      <Filter>scriptEditor</Filter>
    </ClInclude>
    <ClInclude Include="editor\scriptEditor\ScriptEditorNodeColors.h">
      <Filter>scriptEditor</Filter>
    </ClInclude>
    <ClInclude Include="editor\scriptEditor\ScriptEditorSelection.h">
      <Filter>scriptEditor</Filter>
    </ClInclude>
    <ClInclude Include="editor\scriptEditor\commands\CreateLinkCommand.h">
      <Filter>scriptEditor\commands</Filter>
    </ClInclude>
    <ClInclude Include="editor\scriptEditor\commands\CreateNodeCommand.h">
      <Filter>scriptEditor\commands</Filter>
    </ClInclude>
    <ClInclude Include="editor\scriptEditor\commands\DestroyNodeAndLinksCommand.h">
      <Filter>scriptEditor\commands</Filter>
    </ClInclude>
    <ClInclude Include="editor\scriptEditor\commands\FixUpSelectionCommand.h">
      <Filter>scriptEditor\commands</Filter>
    </ClInclude>
    <ClInclude Include="editor\scriptEditor\commands\MoveNodesCommand.h">
      <Filter>scriptEditor\commands</Filter>
    </ClInclude>
    <ClInclude Include="editor\scriptEditor\commands\ScriptEditorCommand.h">
      <Filter>scriptEditor\commands</Filter>
    </ClInclude>
    <ClInclude Include="editor\scriptEditor\commands\SetOverriddenValueCommand.h">
      <Filter>scriptEditor\commands</Filter>
    </ClInclude>
  </ItemGroup>
  <ItemGroup>
    <ClCompile Include="editor\Editor.cpp" />
    <ClCompile Include="editor\EditorLauncher.cpp" />
    <ClCompile Include="editor\editorUtilitiy\EditorUtility.cpp">
      <Filter>editorUtilitiy</Filter>
    </ClCompile>
    <ClCompile Include="editor\friendshipEditor\EditorManager.cpp">
      <Filter>friendshipEditor</Filter>
    </ClCompile>
    <ClCompile Include="editor\friendshipEditor\inspector\Inspector.cpp">
      <Filter>friendshipEditor\inspector</Filter>
    </ClCompile>
    <ClCompile Include="editor\friendshipEditor\windows\AssetDatabaseWindow.cpp">
      <Filter>friendshipEditor\windows</Filter>
    </ClCompile>
    <ClCompile Include="editor\friendshipEditor\windows\ConsoleWindow.cpp">
      <Filter>friendshipEditor\windows</Filter>
    </ClCompile>
    <ClCompile Include="editor\friendshipEditor\windows\DeferredViewWindow.cpp">
      <Filter>friendshipEditor\windows</Filter>
    </ClCompile>
    <ClCompile Include="editor\friendshipEditor\windows\EditorViewWindow.cpp">
      <Filter>friendshipEditor\windows</Filter>
    </ClCompile>
    <ClCompile Include="editor\friendshipEditor\windows\GameViewWindow.cpp">
      <Filter>friendshipEditor\windows</Filter>
    </ClCompile>
    <ClCompile Include="editor\friendshipEditor\windows\InspectorWindow.cpp">
      <Filter>friendshipEditor\windows</Filter>
    </ClCompile>
    <ClCompile Include="editor\friendshipEditor\windows\SceneHierarchyWindow.cpp">
      <Filter>friendshipEditor\windows</Filter>
    </ClCompile>
    <ClCompile Include="editor\friendshipEditor\windows\ScriptEditorWindow.cpp">
      <Filter>friendshipEditor\windows</Filter>
    </ClCompile>
    <ClCompile Include="editor\friendshipEditor\windows\VertexPainterWindow.cpp">
      <Filter>friendshipEditor\windows</Filter>
    </ClCompile>
    <ClCompile Include="editor\friendshipEditor\windows\WindowFactory.cpp">
      <Filter>friendshipEditor\windows</Filter>
    </ClCompile>
    <ClCompile Include="editor\menuEditor\MenuEditor.cpp">
      <Filter>menuEditor</Filter>
    </ClCompile>
    <ClCompile Include="editor\scriptEditor\ScriptEditor.cpp">
      <Filter>scriptEditor</Filter>
    </ClCompile>
    <ClCompile Include="editor\scriptEditor\commands\CreateLinkCommand.cpp">
      <Filter>scriptEditor\commands</Filter>
    </ClCompile>
    <ClCompile Include="editor\scriptEditor\commands\CreateNodeCommand.cpp">
      <Filter>scriptEditor\commands</Filter>
    </ClCompile>
    <ClCompile Include="editor\scriptEditor\commands\DestroyNodeAndLinksCommand.cpp">
      <Filter>scriptEditor\commands</Filter>
    </ClCompile>
    <ClCompile Include="editor\scriptEditor\commands\FixUpSelectionCommand.cpp">
      <Filter>scriptEditor\commands</Filter>
    </ClCompile>
    <ClCompile Include="editor\scriptEditor\commands\MoveNodesCommand.cpp">
      <Filter>scriptEditor\commands</Filter>
    </ClCompile>
    <ClCompile Include="editor\scriptEditor\commands\ScriptEditorCommand.cpp">
      <Filter>scriptEditor\commands</Filter>
    </ClCompile>
    <ClCompile Include="editor\scriptEditor\commands\SetOverriddenValueCommand.cpp">
      <Filter>scriptEditor\commands</Filter>
    </ClCompile>
  </ItemGroup>
</Project>