<?xml version="1.0" encoding="utf-8"?>
<Project ToolsVersion="4.0" xmlns="http://schemas.microsoft.com/developer/msbuild/2003">
  <ItemGroup>
    <Filter Include="windows">
      <UniqueIdentifier>{70CAFEC8-DCA9-7D64-E5C1-083B5120E4C5}</UniqueIdentifier>
    </Filter>
  </ItemGroup>
  <ItemGroup>
    <ClInclude Include="MenuEditor.h" />
    <ClInclude Include="MenuEditorCommon.h" />
    <ClInclude Include="MenuEditorLauncher.h" />
    <ClInclude Include="UpdateContext.h" />
    <ClInclude Include="windows\AssetsWindow.h">
      <Filter>windows</Filter>
    </ClInclude>
    <ClInclude Include="windows\ConsoleWindow.h">
      <Filter>windows</Filter>
    </ClInclude>
    <ClInclude Include="windows\InspectorWindow.h">
      <Filter>windows</Filter>
    </ClInclude>
    <ClInclude Include="windows\MenuViewWindow.h">
      <Filter>windows</Filter>
    </ClInclude>
    <ClInclude Include="windows\ObjectHierarchyWindow.h">
      <Filter>windows</Filter>
    </ClInclude>
    <ClInclude Include="windows\Window.h">
      <Filter>windows</Filter>
    </ClInclude>
  </ItemGroup>
  <ItemGroup>
    <ClCompile Include="MenuEditor.cpp" />
    <ClCompile Include="MenuEditorLauncher.cpp" />
    <ClCompile Include="windows\AssetsWindow.cpp">
      <Filter>windows</Filter>
    </ClCompile>
    <ClCompile Include="windows\ConsoleWindow.cpp">
      <Filter>windows</Filter>
    </ClCompile>
    <ClCompile Include="windows\InspectorWindow.cpp">
      <Filter>windows</Filter>
    </ClCompile>
    <ClCompile Include="windows\MenuViewWindow.cpp">
      <Filter>windows</Filter>
    </ClCompile>
    <ClCompile Include="windows\ObjectHierarchyWindow.cpp">
      <Filter>windows</Filter>
    </ClCompile>
  </ItemGroup>
</Project>