<?xml version="1.0" encoding="utf-8"?>
<Project ToolsVersion="4.0" xmlns="http://schemas.microsoft.com/developer/msbuild/2003">
  <ItemGroup>
    <Filter Include="component">
      <UniqueIdentifier>{18DEAB42-8448-60B9-CD86-115F39303E0E}</UniqueIdentifier>
    </Filter>
    <Filter Include="entity">
      <UniqueIdentifier>{C2FD7FFB-AE9F-AAD1-975A-BE25839B3122}</UniqueIdentifier>
    </Filter>
    <Filter Include="system">
      <UniqueIdentifier>{8AE4EE1C-7686-19F3-5F41-2D474B82A043}</UniqueIdentifier>
    </Filter>
  </ItemGroup>
  <ItemGroup>
    <ClInclude Include="World.h" />
    <ClInclude Include="component\Component.h">
      <Filter>component</Filter>
    </ClInclude>
    <ClInclude Include="component\ComponentContainer.h">
      <Filter>component</Filter>
    </ClInclude>
    <ClInclude Include="component\ComponentManager.h">
      <Filter>component</Filter>
    </ClInclude>
    <ClInclude Include="component\ComponentSignature.h">
      <Filter>component</Filter>
    </ClInclude>
    <ClInclude Include="component\IComponentContainer.h">
      <Filter>component</Filter>
    </ClInclude>
    <ClInclude Include="entity\Entity.h">
      <Filter>entity</Filter>
    </ClInclude>
    <ClInclude Include="entity\EntityManager.h">
      <Filter>entity</Filter>
    </ClInclude>
    <ClInclude Include="entity\EntitySignature.h">
      <Filter>entity</Filter>
    </ClInclude>
    <ClInclude Include="entity\EntitySignatureContainer.h">
      <Filter>entity</Filter>
    </ClInclude>
    <ClInclude Include="system\System.h">
      <Filter>system</Filter>
    </ClInclude>
    <ClInclude Include="system\SystemManager.h">
      <Filter>system</Filter>
    </ClInclude>
  </ItemGroup>
  <ItemGroup>
    <ClCompile Include="World.cpp" />
  </ItemGroup>
</Project>