<?xml version="1.0" encoding="utf-8"?>
<Project ToolsVersion="4.0" xmlns="http://schemas.microsoft.com/developer/msbuild/2003">
  <ItemGroup>
    <Filter Include="command">
      <UniqueIdentifier>{449963D3-B078-E26E-B990-6D4525EF48D0}</UniqueIdentifier>
    </Filter>
    <Filter Include="imguiHandler">
      <UniqueIdentifier>{7E49B289-6AAC-412E-1332-7AE4FF730DB1}</UniqueIdentifier>
    </Filter>
    <Filter Include="postMaster">
      <UniqueIdentifier>{7711F239-63C9-3387-CCD0-0CE3B8A7CE77}</UniqueIdentifier>
    </Filter>
  </ItemGroup>
  <ItemGroup>
    <ClInclude Include="command\AbstractCommand.h">
      <Filter>command</Filter>
    </ClInclude>
    <ClInclude Include="command\CommandManager.h">
      <Filter>command</Filter>
    </ClInclude>
    <ClInclude Include="imguiHandler\ImGuiHandler.h">
      <Filter>imguiHandler</Filter>
    </ClInclude>
    <ClInclude Include="postMaster\Observer.h">
      <Filter>postMaster</Filter>
    </ClInclude>
    <ClInclude Include="postMaster\PostMaster.h">
      <Filter>postMaster</Filter>
    </ClInclude>
  </ItemGroup>
  <ItemGroup>
    <ClCompile Include="command\CommandManager.cpp">
      <Filter>command</Filter>
    </ClCompile>
    <ClCompile Include="imguiHandler\ImGuiHandler.cpp">
      <Filter>imguiHandler</Filter>
    </ClCompile>
    <ClCompile Include="postMaster\PostMaster.cpp">
      <Filter>postMaster</Filter>
    </ClCompile>
  </ItemGroup>
</Project>