<?xml version="1.0" encoding="utf-8"?>
<Project ToolsVersion="4.0" xmlns="http://schemas.microsoft.com/developer/msbuild/2003">
  <ItemGroup>
    <Filter Include="BinaryReader">
      <UniqueIdentifier>{3D7651E8-29D9-E08C-D25E-1943BEA0AC0F}</UniqueIdentifier>
    </Filter>
  </ItemGroup>
  <ItemGroup>
    <ClInclude Include="AnimationFactory.h" />
    <ClInclude Include="AssetDatabase.h" />
    <ClInclude Include="AssetDefines.h" />
    <ClInclude Include="BinaryReader\BinaryAnimationFactory.h">
      <Filter>BinaryReader</Filter>
    </ClInclude>
    <ClInclude Include="BinaryReader\BinaryFileUtility.h">
      <Filter>BinaryReader</Filter>
    </ClInclude>
    <ClInclude Include="BinaryReader\BinaryMeshFactory.h">
      <Filter>BinaryReader</Filter>
    </ClInclude>
    <ClInclude Include="BinaryReader\BinaryVertexPaintingFileFactory.h">
      <Filter>BinaryReader</Filter>
    </ClInclude>
    <ClInclude Include="FBXLoadStructs.h" />
    <ClInclude Include="FactoryStructs.h" />
    <ClInclude Include="ModelFactory.h" />
    <ClInclude Include="ShaderDatabase.h" />
    <ClInclude Include="ShaderTypeEnum.h" />
    <ClInclude Include="SharedFactoryFunctions.h" />
    <ClInclude Include="TextureDatabase.h" />
    <ClInclude Include="TextureFactory.h" />
    <ClInclude Include="pch.h" />
  </ItemGroup>
  <ItemGroup>
    <ClCompile Include="AnimationFactory.cpp" />
    <ClCompile Include="AssetDatabase.cpp" />
    <ClCompile Include="BinaryReader\BinaryAnimationFactory.cpp">
      <Filter>BinaryReader</Filter>
    </ClCompile>
    <ClCompile Include="BinaryReader\BinaryFileUtility.cpp">
      <Filter>BinaryReader</Filter>
    </ClCompile>
    <ClCompile Include="BinaryReader\BinaryMeshFactory.cpp">
      <Filter>BinaryReader</Filter>
    </ClCompile>
    <ClCompile Include="BinaryReader\BinaryVertexPaintingFileFactory.cpp">
      <Filter>BinaryReader</Filter>
    </ClCompile>
    <ClCompile Include="ModelFactory.cpp" />
    <ClCompile Include="ShaderDatabase.cpp" />
    <ClCompile Include="SharedFactoryFunctions.cpp" />
    <ClCompile Include="TextureDatabase.cpp" />
    <ClCompile Include="TextureFactory.cpp" />
    <ClCompile Include="pch.cpp" />
  </ItemGroup>
</Project>