<?xml version="1.0" encoding="utf-8"?>
<Project ToolsVersion="4.0" xmlns="http://schemas.microsoft.com/developer/msbuild/2003">
  <ItemGroup>
    <Filter Include="application">
      <UniqueIdentifier>{F9860F5B-653C-8850-EE30-82275AE57E54}</UniqueIdentifier>
    </Filter>
    <Filter Include="audio">
      <UniqueIdentifier>{B7281C0F-233D-44C0-ECBE-E71F589240F1}</UniqueIdentifier>
    </Filter>
    <Filter Include="collision">
      <UniqueIdentifier>{D13AF3EB-3DA5-A762-86E3-5808F28C85B7}</UniqueIdentifier>
    </Filter>
    <Filter Include="component">
      <UniqueIdentifier>{18DEAB42-8448-60B9-CD86-115F39303E0E}</UniqueIdentifier>
    </Filter>
    <Filter Include="factory">
      <UniqueIdentifier>{7D34F998-E913-7834-F22B-030B5E8ADE95}</UniqueIdentifier>
    </Filter>
    <Filter Include="gui">
      <UniqueIdentifier>{8A78880B-F681-887C-7FFD-9E7CEB05947C}</UniqueIdentifier>
    </Filter>
    <Filter Include="gui\components">
      <UniqueIdentifier>{7FD7FC1B-6BA5-F021-5439-614840A6CC86}</UniqueIdentifier>
    </Filter>
    <Filter Include="physics">
      <UniqueIdentifier>{A823A1AC-1403-2048-1D1B-AB1E897986A9}</UniqueIdentifier>
    </Filter>
    <Filter Include="playerStates">
      <UniqueIdentifier>{66FA78E4-525D-0889-FBE2-403FE724D40B}</UniqueIdentifier>
    </Filter>
    <Filter Include="scene">
      <UniqueIdentifier>{D3075810-3F1C-80C1-089E-232174717CF2}</UniqueIdentifier>
    </Filter>
    <Filter Include="scene\utility">
      <UniqueIdentifier>{3681B3F6-A241-2F2D-6B7C-78AAD7FB7309}</UniqueIdentifier>
    </Filter>
    <Filter Include="scripting">
      <UniqueIdentifier>{B87A01E8-24E5-B55E-6D23-6704D9CC93B3}</UniqueIdentifier>
    </Filter>
    <Filter Include="scripting\nodes">
      <UniqueIdentifier>{A036382F-0CC2-A5F3-15D3-28E881DD01F4}</UniqueIdentifier>
    </Filter>
    <Filter Include="scripting\utility">
      <UniqueIdentifier>{1B090005-871F-FE9A-D096-89BC3CECCE22}</UniqueIdentifier>
    </Filter>
    <Filter Include="systems">
      <UniqueIdentifier>{3D76CBBA-A955-4A56-B26D-D52C1ECCB0B7}</UniqueIdentifier>
    </Filter>
    <Filter Include="utility">
      <UniqueIdentifier>{79DE5C48-E5BD-DBE3-EED5-66BA5A344245}</UniqueIdentifier>
    </Filter>
  </ItemGroup>
  <ItemGroup>
    <ClInclude Include="Game.h" />
    <ClInclude Include="application\GameApplication.h">
      <Filter>application</Filter>
    </ClInclude>
    <ClInclude Include="audio\AudioManager.h">
      <Filter>audio</Filter>
    </ClInclude>
    <ClInclude Include="audio\FMODImplementation.h">
      <Filter>audio</Filter>
    </ClInclude>
    <ClInclude Include="collision\Bitmask.h">
      <Filter>collision</Filter>
    </ClInclude>
    <ClInclude Include="collision\CollisionData.h">
      <Filter>collision</Filter>
    </ClInclude>
    <ClInclude Include="collision\CollisionLayers.h">
      <Filter>collision</Filter>
    </ClInclude>
    <ClInclude Include="component\AnimationDataComponent.h">
      <Filter>component</Filter>
    </ClInclude>
    <ClInclude Include="component\CameraComponent.h">
      <Filter>component</Filter>
    </ClInclude>
    <ClInclude Include="component\ColliderComponent.h">
      <Filter>component</Filter>
    </ClInclude>
    <ClInclude Include="component\CollisionDataComponent.h">
      <Filter>component</Filter>
    </ClInclude>
    <ClInclude Include="component\DeathZoneComponent.h">
      <Filter>component</Filter>
    </ClInclude>
    <ClInclude Include="component\EnemyComponent.h">
      <Filter>component</Filter>
    </ClInclude>
    <ClInclude Include="component\EventComponent.h">
      <Filter>component</Filter>
    </ClInclude>
    <ClInclude Include="component\HitboxComponent.h">
      <Filter>component</Filter>
    </ClInclude>
    <ClInclude Include="component\MeshComponent.h">
      <Filter>component</Filter>
    </ClInclude>
    <ClInclude Include="component\MetaDataComponent.h">
      <Filter>component</Filter>
    </ClInclude>
    <ClInclude Include="component\NpcComponent.h">
      <Filter>component</Filter>
    </ClInclude>
    <ClInclude Include="component\OrbComponent.h">
      <Filter>component</Filter>
    </ClInclude>
    <ClInclude Include="component\PhysXComponent.h">
      <Filter>component</Filter>
    </ClInclude>
    <ClInclude Include="component\PlayerComponent.h">
      <Filter>component</Filter>
    </ClInclude>
    <ClInclude Include="component\ProjectileComponent.h">
      <Filter>component</Filter>
    </ClInclude>
    <ClInclude Include="component\ScriptableEventComponent.h">
      <Filter>component</Filter>
    </ClInclude>
    <ClInclude Include="component\TransformComponent.h">
      <Filter>component</Filter>
    </ClInclude>
    <ClInclude Include="factory\ProjectileFactory.h">
      <Filter>factory</Filter>
    </ClInclude>
    <ClInclude Include="gui\IDManager.h">
      <Filter>gui</Filter>
    </ClInclude>
    <ClInclude Include="gui\MenuHandler.h">
      <Filter>gui</Filter>
    </ClInclude>
    <ClInclude Include="gui\MenuObject.h">
      <Filter>gui</Filter>
    </ClInclude>
    <ClInclude Include="gui\MenuUpdateContext.h">
      <Filter>gui</Filter>
    </ClInclude>
    <ClInclude Include="gui\ObjectManager.h">
      <Filter>gui</Filter>
    </ClInclude>
    <ClInclude Include="gui\components\Collider2DComponent.h">
      <Filter>gui\components</Filter>
    </ClInclude>
    <ClInclude Include="gui\components\CommandComponent.h">
      <Filter>gui\components</Filter>
    </ClInclude>
    <ClInclude Include="gui\components\CommandFunctions.h">
      <Filter>gui\components</Filter>
    </ClInclude>
    <ClInclude Include="gui\components\ComponentTypeEnum.h">
      <Filter>gui\components</Filter>
    </ClInclude>
    <ClInclude Include="gui\components\InteractableComponent.h">
      <Filter>gui\components</Filter>
    </ClInclude>
    <ClInclude Include="gui\components\MenuComponent.h">
      <Filter>gui\components</Filter>
    </ClInclude>
    <ClInclude Include="gui\components\SpriteComponent.h">
      <Filter>gui\components</Filter>
    </ClInclude>
    <ClInclude Include="gui\components\TextComponent.h">
      <Filter>gui\components</Filter>
    </ClInclude>
    <ClInclude Include="pch.h" />
    <ClInclude Include="physics\PhysXControllerReportCallbackWrapper.h">
      <Filter>physics</Filter>
    </ClInclude>
    <ClInclude Include="physics\PhysXSceneManager.h">
      <Filter>physics</Filter>
    </ClInclude>
    <ClInclude Include="playerStates\PlayerAirborneState.h">
      <Filter>playerStates</Filter>
    </ClInclude>
    <ClInclude Include="playerStates\PlayerConstants.h">
      <Filter>playerStates</Filter>
    </ClInclude>
    <ClInclude Include="playerStates\PlayerCrouchState.h">
      <Filter>playerStates</Filter>
    </ClInclude>
    <ClInclude Include="playerStates\PlayerGroundState.h">
      <Filter>playerStates</Filter>
    </ClInclude>
    <ClInclude Include="playerStates\PlayerSlideState.h">
      <Filter>playerStates</Filter>
    </ClInclude>
    <ClInclude Include="playerStates\PlayerState.h">
      <Filter>playerStates</Filter>
    </ClInclude>
    <ClInclude Include="playerStates\PlayerStateMachine.h">
      <Filter>playerStates</Filter>
    </ClInclude>
    <ClInclude Include="playerStates\PlayerStatesInclude.h">
      <Filter>playerStates</Filter>
    </ClInclude>
    <ClInclude Include="playerStates\PlayerVaultState.h">
      <Filter>playerStates</Filter>
    </ClInclude>
    <ClInclude Include="playerStates\PlayerWallrunState.h">
      <Filter>playerStates</Filter>
    </ClInclude>
    <ClInclude Include="scene\GameScene.h">
      <Filter>scene</Filter>
    </ClInclude>
    <ClInclude Include="scene\MainMenuScene.h">
      <Filter>scene</Filter>
    </ClInclude>
    <ClInclude Include="scene\Scene.h">
      <Filter>scene</Filter>
    </ClInclude>
    <ClInclude Include="scene\SceneCommon.h">
      <Filter>scene</Filter>
    </ClInclude>
    <ClInclude Include="scene\SceneManager.h">
      <Filter>scene</Filter>
    </ClInclude>
    <ClInclude Include="scene\utility\UnityImporter.h">
      <Filter>scene\utility</Filter>
    </ClInclude>
    <ClInclude Include="scripting\Script.h">
      <Filter>scripting</Filter>
    </ClInclude>
    <ClInclude Include="scripting\ScriptCommon.h">
      <Filter>scripting</Filter>
    </ClInclude>
    <ClInclude Include="scripting\ScriptCreationContext.h">
      <Filter>scripting</Filter>
    </ClInclude>
    <ClInclude Include="scripting\ScriptExecutionContext.h">
      <Filter>scripting</Filter>
    </ClInclude>
    <ClInclude Include="scripting\ScriptManager.h">
      <Filter>scripting</Filter>
    </ClInclude>
    <ClInclude Include="scripting\ScriptRuntimeInstance.h">
      <Filter>scripting</Filter>
    </ClInclude>
    <ClInclude Include="scripting\ScriptStringRegistry.h">
      <Filter>scripting</Filter>
    </ClInclude>
    <ClInclude Include="scripting\ScriptUpdateContext.h">
      <Filter>scripting</Filter>
    </ClInclude>
    <ClInclude Include="scripting\nodes\RegisterNodeFunctions.h">
      <Filter>scripting\nodes</Filter>
    </ClInclude>
    <ClInclude Include="scripting\nodes\ScriptNodeBase.h">
      <Filter>scripting\nodes</Filter>
    </ClInclude>
    <ClInclude Include="scripting\nodes\ScriptNodeTypeRegistry.h">
      <Filter>scripting\nodes</Filter>
    </ClInclude>
    <ClInclude Include="scripting\utility\ScriptJson.h">
      <Filter>scripting\utility</Filter>
    </ClInclude>
    <ClInclude Include="systems\AnimatorSystem.h">
      <Filter>systems</Filter>
    </ClInclude>
    <ClInclude Include="systems\CameraSystem.h">
      <Filter>systems</Filter>
    </ClInclude>
    <ClInclude Include="systems\CollisionSystem.h">
      <Filter>systems</Filter>
    </ClInclude>
    <ClInclude Include="systems\DeathZoneSystem.h">
      <Filter>systems</Filter>
    </ClInclude>
    <ClInclude Include="systems\EnemySystem.h">
      <Filter>systems</Filter>
    </ClInclude>
    <ClInclude Include="systems\EventSystem.h">
      <Filter>systems</Filter>
    </ClInclude>
    <ClInclude Include="systems\HitboxSystem.h">
      <Filter>systems</Filter>
    </ClInclude>
    <ClInclude Include="systems\NpcSystem.h">
      <Filter>systems</Filter>
    </ClInclude>
    <ClInclude Include="systems\OrbSystem.h">
      <Filter>systems</Filter>
    </ClInclude>
    <ClInclude Include="systems\PhysXSystem.h">
      <Filter>systems</Filter>
    </ClInclude>
    <ClInclude Include="systems\PlayerSystem.h">
      <Filter>systems</Filter>
    </ClInclude>
    <ClInclude Include="systems\ProjectileSystem.h">
      <Filter>systems</Filter>
    </ClInclude>
    <ClInclude Include="systems\RenderingSystem.h">
      <Filter>systems</Filter>
    </ClInclude>
    <ClInclude Include="utility\Events.h">
      <Filter>utility</Filter>
    </ClInclude>
    <ClInclude Include="utility\GameHelperFunctions.h">
      <Filter>utility</Filter>
    </ClInclude>
    <ClInclude Include="utility\JsonUtility.h">
      <Filter>utility</Filter>
    </ClInclude>
    <ClInclude Include="utility\State.h">
      <Filter>utility</Filter>
    </ClInclude>
    <ClInclude Include="utility\StateMachine.h">
      <Filter>utility</Filter>
    </ClInclude>
  </ItemGroup>
  <ItemGroup>
    <ClCompile Include="Game.cpp" />
    <ClCompile Include="application\GameApplication.cpp">
      <Filter>application</Filter>
    </ClCompile>
    <ClCompile Include="audio\AudioManager.cpp">
      <Filter>audio</Filter>
    </ClCompile>
    <ClCompile Include="audio\FMODImplementation.cpp">
      <Filter>audio</Filter>
    </ClCompile>
    <ClCompile Include="collision\Bitmask.cpp">
      <Filter>collision</Filter>
    </ClCompile>
    <ClCompile Include="factory\ProjectileFactory.cpp">
      <Filter>factory</Filter>
    </ClCompile>
    <ClCompile Include="gui\IDManager.cpp">
      <Filter>gui</Filter>
    </ClCompile>
    <ClCompile Include="gui\MenuHandler.cpp">
      <Filter>gui</Filter>
    </ClCompile>
    <ClCompile Include="gui\MenuObject.cpp">
      <Filter>gui</Filter>
    </ClCompile>
    <ClCompile Include="gui\ObjectManager.cpp">
      <Filter>gui</Filter>
    </ClCompile>
    <ClCompile Include="gui\components\Collider2DComponent.cpp">
      <Filter>gui\components</Filter>
    </ClCompile>
    <ClCompile Include="gui\components\CommandComponent.cpp">
      <Filter>gui\components</Filter>
    </ClCompile>
    <ClCompile Include="gui\components\CommandFunctions.cpp">
      <Filter>gui\components</Filter>
    </ClCompile>
    <ClCompile Include="gui\components\InteractableComponent.cpp">
      <Filter>gui\components</Filter>
    </ClCompile>
    <ClCompile Include="gui\components\SpriteComponent.cpp">
      <Filter>gui\components</Filter>
    </ClCompile>
    <ClCompile Include="gui\components\TextComponent.cpp">
      <Filter>gui\components</Filter>
    </ClCompile>
    <ClCompile Include="pch.cpp" />
    <ClCompile Include="physics\PhysXSceneManager.cpp">
      <Filter>physics</Filter>
    </ClCompile>
    <ClCompile Include="playerStates\PlayerAirborneState.cpp">
      <Filter>playerStates</Filter>
    </ClCompile>
    <ClCompile Include="playerStates\PlayerConstants.cpp">
      <Filter>playerStates</Filter>
    </ClCompile>
    <ClCompile Include="playerStates\PlayerCrouchState.cpp">
      <Filter>playerStates</Filter>
    </ClCompile>
    <ClCompile Include="playerStates\PlayerGroundState.cpp">
      <Filter>playerStates</Filter>
    </ClCompile>
    <ClCompile Include="playerStates\PlayerSlideState.cpp">
      <Filter>playerStates</Filter>
    </ClCompile>
    <ClCompile Include="playerStates\PlayerStateMachine.cpp">
      <Filter>playerStates</Filter>
    </ClCompile>
    <ClCompile Include="playerStates\PlayerVaultState.cpp">
      <Filter>playerStates</Filter>
    </ClCompile>
    <ClCompile Include="playerStates\PlayerWallrunState.cpp">
      <Filter>playerStates</Filter>
    </ClCompile>
    <ClCompile Include="scene\GameScene.cpp">
      <Filter>scene</Filter>
    </ClCompile>
    <ClCompile Include="scene\MainMenuScene.cpp">
      <Filter>scene</Filter>
    </ClCompile>
    <ClCompile Include="scene\SceneManager.cpp">
      <Filter>scene</Filter>
    </ClCompile>
    <ClCompile Include="scene\utility\UnityImporter.cpp">
      <Filter>scene\utility</Filter>
    </ClCompile>
    <ClCompile Include="scripting\Script.cpp">
      <Filter>scripting</Filter>
    </ClCompile>
    <ClCompile Include="scripting\ScriptCommon.cpp">
      <Filter>scripting</Filter>
    </ClCompile>
    <ClCompile Include="scripting\ScriptCreationContext.cpp">
      <Filter>scripting</Filter>
    </ClCompile>
    <ClCompile Include="scripting\ScriptExecutionContext.cpp">
      <Filter>scripting</Filter>
    </ClCompile>
    <ClCompile Include="scripting\ScriptManager.cpp">
      <Filter>scripting</Filter>
    </ClCompile>
    <ClCompile Include="scripting\ScriptRuntimeInstance.cpp">
      <Filter>scripting</Filter>
    </ClCompile>
    <ClCompile Include="scripting\ScriptStringRegistry.cpp">
      <Filter>scripting</Filter>
    </ClCompile>
    <ClCompile Include="scripting\nodes\CollisionNodes.cpp">
      <Filter>scripting\nodes</Filter>
    </ClCompile>
    <ClCompile Include="scripting\nodes\CommonNodes.cpp">
      <Filter>scripting\nodes</Filter>
    </ClCompile>
    <ClCompile Include="scripting\nodes\DebugNodes.cpp">
      <Filter>scripting\nodes</Filter>
    </ClCompile>
    <ClCompile Include="scripting\nodes\EntityNodes.cpp">
      <Filter>scripting\nodes</Filter>
    </ClCompile>
    <ClCompile Include="scripting\nodes\MathNodes.cpp">
      <Filter>scripting\nodes</Filter>
    </ClCompile>
    <ClCompile Include="scripting\nodes\ScriptNodeTypeRegistry.cpp">
      <Filter>scripting\nodes</Filter>
    </ClCompile>
    <ClCompile Include="systems\AnimatorSystem.cpp">
      <Filter>systems</Filter>
    </ClCompile>
    <ClCompile Include="systems\CameraSystem.cpp">
      <Filter>systems</Filter>
    </ClCompile>
    <ClCompile Include="systems\CollisionSystem.cpp">
      <Filter>systems</Filter>
    </ClCompile>
    <ClCompile Include="systems\DeathZoneSystem.cpp">
      <Filter>systems</Filter>
    </ClCompile>
    <ClCompile Include="systems\EnemySystem.cpp">
      <Filter>systems</Filter>
    </ClCompile>
    <ClCompile Include="systems\EventSystem.cpp">
      <Filter>systems</Filter>
    </ClCompile>
    <ClCompile Include="systems\HitboxSystem.cpp">
      <Filter>systems</Filter>
    </ClCompile>
    <ClCompile Include="systems\NpcSystem.cpp">
      <Filter>systems</Filter>
    </ClCompile>
    <ClCompile Include="systems\OrbSystem.cpp">
      <Filter>systems</Filter>
    </ClCompile>
    <ClCompile Include="systems\PhysXSystem.cpp">
      <Filter>systems</Filter>
    </ClCompile>
    <ClCompile Include="systems\PlayerSystem.cpp">
      <Filter>systems</Filter>
    </ClCompile>
    <ClCompile Include="systems\ProjectileSystem.cpp">
      <Filter>systems</Filter>
    </ClCompile>
    <ClCompile Include="systems\RenderingSystem.cpp">
      <Filter>systems</Filter>
    </ClCompile>
    <ClCompile Include="utility\GameHelperFunctions.cpp">
      <Filter>utility</Filter>
    </ClCompile>
    <ClCompile Include="utility\JsonUtility.cpp">
      <Filter>utility</Filter>
    </ClCompile>
    <ClCompile Include="utility\StateMachine.cpp">
      <Filter>utility</Filter>
    </ClCompile>
  </ItemGroup>
</Project>